// !$*UTF8*$!
{
	archiveVersion = 1;
	classes = {
	};
	objectVersion = 50;
	objects = {

/* Begin PBXBuildFile section */
		CE20C9EA2179B79300F6A87E /* Assets.xcassets in Resources */ = {isa = PBXBuildFile; fileRef = CE20C9E92179B79300F6A87E /* Assets.xcassets */; };
		CE20C9EE2179B9DD00F6A87E /* Launch Screen.storyboard in Resources */ = {isa = PBXBuildFile; fileRef = CE20C9ED2179B9DD00F6A87E /* Launch Screen.storyboard */; };
		CE4AEFF2217A12DF00848C9D /* sh.jpeg in Resources */ = {isa = PBXBuildFile; fileRef = CE4AEFF1217A12DE00848C9D /* sh.jpeg */; };
		CE8ADDA621770019009E6E9A /* MemoListVC.swift in Sources */ = {isa = PBXBuildFile; fileRef = CE8ADDA521770019009E6E9A /* MemoListVC.swift */; };
		CE8ADDA821770055009E6E9A /* MemoFormVC.swift in Sources */ = {isa = PBXBuildFile; fileRef = CE8ADDA721770055009E6E9A /* MemoFormVC.swift */; };
		CE8ADDAA21770062009E6E9A /* MemoReadVC.swift in Sources */ = {isa = PBXBuildFile; fileRef = CE8ADDA921770062009E6E9A /* MemoReadVC.swift */; };
		CE8ADDAC21770083009E6E9A /* MemoCell.swift in Sources */ = {isa = PBXBuildFile; fileRef = CE8ADDAB21770083009E6E9A /* MemoCell.swift */; };
		CE8ADDAE21770351009E6E9A /* MemoData.swift in Sources */ = {isa = PBXBuildFile; fileRef = CE8ADDAD21770351009E6E9A /* MemoData.swift */; };
		CEEA650D2171A55C00F7B05C /* AppDelegate.swift in Sources */ = {isa = PBXBuildFile; fileRef = CEEA650C2171A55C00F7B05C /* AppDelegate.swift */; };
		CEEA65122171A55C00F7B05C /* Main.storyboard in Resources */ = {isa = PBXBuildFile; fileRef = CEEA65102171A55C00F7B05C /* Main.storyboard */; };
		CEEA65152171A55C00F7B05C /* MyMemory.xcdatamodeld in Sources */ = {isa = PBXBuildFile; fileRef = CEEA65132171A55C00F7B05C /* MyMemory.xcdatamodeld */; };
/* End PBXBuildFile section */

/* Begin PBXFileReference section */
		CE20C9E92179B79300F6A87E /* Assets.xcassets */ = {isa = PBXFileReference; lastKnownFileType = folder.assetcatalog; path = Assets.xcassets; sourceTree = "<group>"; };
		CE20C9ED2179B9DD00F6A87E /* Launch Screen.storyboard */ = {isa = PBXFileReference; lastKnownFileType = file.storyboard; path = "Launch Screen.storyboard"; sourceTree = "<group>"; };
		CE4AEFF1217A12DE00848C9D /* sh.jpeg */ = {isa = PBXFileReference; lastKnownFileType = image.jpeg; name = sh.jpeg; path = ../sh.jpeg; sourceTree = "<group>"; };
		CE8ADDA521770019009E6E9A /* MemoListVC.swift */ = {isa = PBXFileReference; lastKnownFileType = sourcecode.swift; path = MemoListVC.swift; sourceTree = "<group>"; };
		CE8ADDA721770055009E6E9A /* MemoFormVC.swift */ = {isa = PBXFileReference; lastKnownFileType = sourcecode.swift; path = MemoFormVC.swift; sourceTree = "<group>"; };
		CE8ADDA921770062009E6E9A /* MemoReadVC.swift */ = {isa = PBXFileReference; lastKnownFileType = sourcecode.swift; path = MemoReadVC.swift; sourceTree = "<group>"; };
		CE8ADDAB21770083009E6E9A /* MemoCell.swift */ = {isa = PBXFileReference; lastKnownFileType = sourcecode.swift; path = MemoCell.swift; sourceTree = "<group>"; };
		CE8ADDAD21770351009E6E9A /* MemoData.swift */ = {isa = PBXFileReference; lastKnownFileType = sourcecode.swift; path = MemoData.swift; sourceTree = "<group>"; };
		CEEA65092171A55C00F7B05C /* MyMemory.app */ = {isa = PBXFileReference; explicitFileType = wrapper.application; includeInIndex = 0; path = MyMemory.app; sourceTree = BUILT_PRODUCTS_DIR; };
		CEEA650C2171A55C00F7B05C /* AppDelegate.swift */ = {isa = PBXFileReference; lastKnownFileType = sourcecode.swift; path = AppDelegate.swift; sourceTree = "<group>"; };
		CEEA65112171A55C00F7B05C /* Base */ = {isa = PBXFileReference; lastKnownFileType = file.storyboard; name = Base; path = Base.lproj/Main.storyboard; sourceTree = "<group>"; };
		CEEA65142171A55C00F7B05C /* MyMemory.xcdatamodel */ = {isa = PBXFileReference; lastKnownFileType = wrapper.xcdatamodel; path = MyMemory.xcdatamodel; sourceTree = "<group>"; };
		CEEA651B2171A55E00F7B05C /* Info.plist */ = {isa = PBXFileReference; lastKnownFileType = text.plist.xml; path = Info.plist; sourceTree = "<group>"; };
/* End PBXFileReference section */

/* Begin PBXFrameworksBuildPhase section */
		CEEA65062171A55C00F7B05C /* Frameworks */ = {
			isa = PBXFrameworksBuildPhase;
			buildActionMask = 2147483647;
			files = (
			);
			runOnlyForDeploymentPostprocessing = 0;
		};
/* End PBXFrameworksBuildPhase section */

/* Begin PBXGroup section */
		CEEA65002171A55C00F7B05C = {
			isa = PBXGroup;
			children = (
				CE8ADDA521770019009E6E9A /* MemoListVC.swift */,
				CE8ADDA721770055009E6E9A /* MemoFormVC.swift */,
				CE8ADDA921770062009E6E9A /* MemoReadVC.swift */,
				CE8ADDAB21770083009E6E9A /* MemoCell.swift */,
				CE8ADDAD21770351009E6E9A /* MemoData.swift */,
				CEEA650B2171A55C00F7B05C /* MyMemory */,
				CEEA650A2171A55C00F7B05C /* Products */,
			);
			sourceTree = "<group>";
		};
		CEEA650A2171A55C00F7B05C /* Products */ = {
			isa = PBXGroup;
			children = (
				CEEA65092171A55C00F7B05C /* MyMemory.app */,
			);
			name = Products;
			sourceTree = "<group>";
		};
		CEEA650B2171A55C00F7B05C /* MyMemory */ = {
			isa = PBXGroup;
			children = (
				CE20C9ED2179B9DD00F6A87E /* Launch Screen.storyboard */,
				CE4AEFF1217A12DE00848C9D /* sh.jpeg */,
				CEEA650C2171A55C00F7B05C /* AppDelegate.swift */,
				CEEA65102171A55C00F7B05C /* Main.storyboard */,
				CE20C9E92179B79300F6A87E /* Assets.xcassets */,
				CEEA651B2171A55E00F7B05C /* Info.plist */,
				CEEA65132171A55C00F7B05C /* MyMemory.xcdatamodeld */,
			);
			path = MyMemory;
			sourceTree = "<group>";
		};
/* End PBXGroup section */

/* Begin PBXNativeTarget section */
		CEEA65082171A55C00F7B05C /* MyMemory */ = {
			isa = PBXNativeTarget;
			buildConfigurationList = CEEA651E2171A55E00F7B05C /* Build configuration list for PBXNativeTarget "MyMemory" */;
			buildPhases = (
				CEEA65052171A55C00F7B05C /* Sources */,
				CEEA65062171A55C00F7B05C /* Frameworks */,
				CEEA65072171A55C00F7B05C /* Resources */,
			);
			buildRules = (
			);
			dependencies = (
			);
			name = MyMemory;
			productName = MyMemory;
			productReference = CEEA65092171A55C00F7B05C /* MyMemory.app */;
			productType = "com.apple.product-type.application";
		};
/* End PBXNativeTarget section */

/* Begin PBXProject section */
		CEEA65012171A55C00F7B05C /* Project object */ = {
			isa = PBXProject;
			attributes = {
				LastSwiftUpdateCheck = 1000;
				LastUpgradeCheck = 1000;
				ORGANIZATIONNAME = ChoYoungBeen;
				TargetAttributes = {
					CEEA65082171A55C00F7B05C = {
						CreatedOnToolsVersion = 10.0;
					};
				};
			};
			buildConfigurationList = CEEA65042171A55C00F7B05C /* Build configuration list for PBXProject "MyMemory" */;
			compatibilityVersion = "Xcode 9.3";
			developmentRegion = en;
			hasScannedForEncodings = 0;
			knownRegions = (
				en,
				Base,
			);
			mainGroup = CEEA65002171A55C00F7B05C;
			productRefGroup = CEEA650A2171A55C00F7B05C /* Products */;
			projectDirPath = "";
			projectRoot = "";
			targets = (
				CEEA65082171A55C00F7B05C /* MyMemory */,
			);
		};
/* End PBXProject section */

/* Begin PBXResourcesBuildPhase section */
		CEEA65072171A55C00F7B05C /* Resources */ = {
			isa = PBXResourcesBuildPhase;
			buildActionMask = 2147483647;
			files = (
				CE4AEFF2217A12DF00848C9D /* sh.jpeg in Resources */,
				CE20C9EE2179B9DD00F6A87E /* Launch Screen.storyboard in Resources */,
				CE20C9EA2179B79300F6A87E /* Assets.xcassets in Resources */,
				CEEA65122171A55C00F7B05C /* Main.storyboard in Resources */,
			);
			runOnlyForDeploymentPostprocessing = 0;
		};
/* End PBXResourcesBuildPhase section */

/* Begin PBXSourcesBuildPhase section */
		CEEA65052171A55C00F7B05C /* Sources */ = {
			isa = PBXSourcesBuildPhase;
			buildActionMask = 2147483647;
			files = (
				CE8ADDA621770019009E6E9A /* MemoListVC.swift in Sources */,
				CE8ADDAA21770062009E6E9A /* MemoReadVC.swift in Sources */,
				CEEA65152171A55C00F7B05C /* MyMemory.xcdatamodeld in Sources */,
				CE8ADDAE21770351009E6E9A /* MemoData.swift in Sources */,
				CE8ADDA821770055009E6E9A /* MemoFormVC.swift in Sources */,
				CEEA650D2171A55C00F7B05C /* AppDelegate.swift in Sources */,
				CE8ADDAC21770083009E6E9A /* MemoCell.swift in Sources */,
			);
			runOnlyForDeploymentPostprocessing = 0;
		};
/* End PBXSourcesBuildPhase section */

/* Begin PBXVariantGroup section */
		CEEA65102171A55C00F7B05C /* Main.storyboard */ = {
			isa = PBXVariantGroup;
			children = (
				CEEA65112171A55C00F7B05C /* Base */,
			);
			name = Main.storyboard;
			sourceTree = "<group>";
		};
/* End PBXVariantGroup section */

/* Begin XCBuildConfiguration section */
		CEEA651C2171A55E00F7B05C /* Debug */ = {
			isa = XCBuildConfiguration;
			buildSettings = {
				ALWAYS_SEARCH_USER_PATHS = NO;
				CLANG_ANALYZER_NONNULL = YES;
				CLANG_ANALYZER_NUMBER_OBJECT_CONVERSION = YES_AGGRESSIVE;
				CLANG_CXX_LANGUAGE_STANDARD = "gnu++14";
				CLANG_CXX_LIBRARY = "libc++";
				CLANG_ENABLE_MODULES = YES;
				CLANG_ENABLE_OBJC_ARC = YES;
				CLANG_ENABLE_OBJC_WEAK = YES;
				CLANG_WARN_BLOCK_CAPTURE_AUTORELEASING = YES;
				CLANG_WARN_BOOL_CONVERSION = YES;
				CLANG_WARN_COMMA = YES;
				CLANG_WARN_CONSTANT_CONVERSION = YES;
				CLANG_WARN_DEPRECATED_OBJC_IMPLEMENTATIONS = YES;
				CLANG_WARN_DIRECT_OBJC_ISA_USAGE = YES_ERROR;
				CLANG_WARN_DOCUMENTATION_COMMENTS = YES;
				CLANG_WARN_EMPTY_BODY = YES;
				CLANG_WARN_ENUM_CONVERSION = YES;
				CLANG_WARN_INFINITE_RECURSION = YES;
				CLANG_WARN_INT_CONVERSION = YES;
				CLANG_WARN_NON_LITERAL_NULL_CONVERSION = YES;
				CLANG_WARN_OBJC_IMPLICIT_RETAIN_SELF = YES;
				CLANG_WARN_OBJC_LITERAL_CONVERSION = YES;
				CLANG_WARN_OBJC_ROOT_CLASS = YES_ERROR;
				CLANG_WARN_RANGE_LOOP_ANALYSIS = YES;
				CLANG_WARN_STRICT_PROTOTYPES = YES;
				CLANG_WARN_SUSPICIOUS_MOVE = YES;
				CLANG_WARN_UNGUARDED_AVAILABILITY = YES_AGGRESSIVE;
				CLANG_WARN_UNREACHABLE_CODE = YES;
				CLANG_WARN__DUPLICATE_METHOD_MATCH = YES;
				CODE_SIGN_IDENTITY = "iPhone Developer";
				COPY_PHASE_STRIP = NO;
				DEBUG_INFORMATION_FORMAT = dwarf;
				ENABLE_STRICT_OBJC_MSGSEND = YES;
				ENABLE_TESTABILITY = YES;
				GCC_C_LANGUAGE_STANDARD = gnu11;
				GCC_DYNAMIC_NO_PIC = NO;
				GCC_NO_COMMON_BLOCKS = YES;
				GCC_OPTIMIZATION_LEVEL = 0;
				GCC_PREPROCESSOR_DEFINITIONS = (
					"DEBUG=1",
					"$(inherited)",
				);
				GCC_WARN_64_TO_32_BIT_CONVERSION = YES;
				GCC_WARN_ABOUT_RETURN_TYPE = YES_ERROR;
				GCC_WARN_UNDECLARED_SELECTOR = YES;
				GCC_WARN_UNINITIALIZED_AUTOS = YES_AGGRESSIVE;
				GCC_WARN_UNUSED_FUNCTION = YES;
				GCC_WARN_UNUSED_VARIABLE = YES;
				IPHONEOS_DEPLOYMENT_TARGET = 12.0;
				MTL_ENABLE_DEBUG_INFO = INCLUDE_SOURCE;
				MTL_FAST_MATH = YES;
				ONLY_ACTIVE_ARCH = YES;
				SDKROOT = iphoneos;
				SWIFT_ACTIVE_COMPILATION_CONDITIONS = DEBUG;
				SWIFT_OPTIMIZATION_LEVEL = "-Onone";
			};
			name = Debug;
		};
		CEEA651D2171A55E00F7B05C /* Release */ = {
			isa = XCBuildConfiguration;
			buildSettings = {
				ALWAYS_SEARCH_USER_PATHS = NO;
				CLANG_ANALYZER_NONNULL = YES;
				CLANG_ANALYZER_NUMBER_OBJECT_CONVERSION = YES_AGGRESSIVE;
				CLANG_CXX_LANGUAGE_STANDARD = "gnu++14";
				CLANG_CXX_LIBRARY = "libc++";
				CLANG_ENABLE_MODULES = YES;
				CLANG_ENABLE_OBJC_ARC = YES;
				CLANG_ENABLE_OBJC_WEAK = YES;
				CLANG_WARN_BLOCK_CAPTURE_AUTORELEASING = YES;
				CLANG_WARN_BOOL_CONVERSION = YES;
				CLANG_WARN_COMMA = YES;
				CLANG_WARN_CONSTANT_CONVERSION = YES;
				CLANG_WARN_DEPRECATED_OBJC_IMPLEMENTATIONS = YES;
				CLANG_WARN_DIRECT_OBJC_ISA_USAGE = YES_ERROR;
				CLANG_WARN_DOCUMENTATION_COMMENTS = YES;
				CLANG_WARN_EMPTY_BODY = YES;
				CLANG_WARN_ENUM_CONVERSION = YES;
				CLANG_WARN_INFINITE_RECURSION = YES;
				CLANG_WARN_INT_CONVERSION = YES;
				CLANG_WARN_NON_LITERAL_NULL_CONVERSION = YES;
				CLANG_WARN_OBJC_IMPLICIT_RETAIN_SELF = YES;
				CLANG_WARN_OBJC_LITERAL_CONVERSION = YES;
				CLANG_WARN_OBJC_ROOT_CLASS = YES_ERROR;
				CLANG_WARN_RANGE_LOOP_ANALYSIS = YES;
				CLANG_WARN_STRICT_PROTOTYPES = YES;
				CLANG_WARN_SUSPICIOUS_MOVE = YES;
				CLANG_WARN_UNGUARDED_AVAILABILITY = YES_AGGRESSIVE;
				CLANG_WARN_UNREACHABLE_CODE = YES;
				CLANG_WARN__DUPLICATE_METHOD_MATCH = YES;
				CODE_SIGN_IDENTITY = "iPhone Developer";
				COPY_PHASE_STRIP = NO;
				DEBUG_INFORMATION_FORMAT = "dwarf-with-dsym";
				ENABLE_NS_ASSERTIONS = NO;
				ENABLE_STRICT_OBJC_MSGSEND = YES;
				GCC_C_LANGUAGE_STANDARD = gnu11;
				GCC_NO_COMMON_BLOCKS = YES;
				GCC_WARN_64_TO_32_BIT_CONVERSION = YES;
				GCC_WARN_ABOUT_RETURN_TYPE = YES_ERROR;
				GCC_WARN_UNDECLARED_SELECTOR = YES;
				GCC_WARN_UNINITIALIZED_AUTOS = YES_AGGRESSIVE;
				GCC_WARN_UNUSED_FUNCTION = YES;
				GCC_WARN_UNUSED_VARIABLE = YES;
				IPHONEOS_DEPLOYMENT_TARGET = 12.0;
				MTL_ENABLE_DEBUG_INFO = NO;
				MTL_FAST_MATH = YES;
				SDKROOT = iphoneos;
				SWIFT_COMPILATION_MODE = wholemodule;
				SWIFT_OPTIMIZATION_LEVEL = "-O";
				VALIDATE_PRODUCT = YES;
			};
			name = Release;
		};
		CEEA651F2171A55E00F7B05C /* Debug */ = {
			isa = XCBuildConfiguration;
			buildSettings = {
				ASSETCATALOG_COMPILER_APPICON_NAME = AppIcon;
				ASSETCATALOG_COMPILER_LAUNCHIMAGE_NAME = LaunchImage;
				CODE_SIGN_STYLE = Automatic;
				DEVELOPMENT_TEAM = CN4447STLT;
				INFOPLIST_FILE = MyMemory/Info.plist;
				LD_RUNPATH_SEARCH_PATHS = (
					"$(inherited)",
					"@executable_path/Frameworks",
				);
				PRODUCT_BUNDLE_IDENTIFIER = com.cyb.MyMemory;
				PRODUCT_MODULE_NAME = MyMemo;
				PRODUCT_NAME = "$(TARGET_NAME)";
				SWIFT_VERSION = 4.2;
				TARGETED_DEVICE_FAMILY = "1,2";
			};
			name = Debug;
		};
		CEEA65202171A55E00F7B05C /* Release */ = {
			isa = XCBuildConfiguration;
			buildSettings = {
				ASSETCATALOG_COMPILER_APPICON_NAME = AppIcon;
				ASSETCATALOG_COMPILER_LAUNCHIMAGE_NAME = LaunchImage;
				CODE_SIGN_STYLE = Automatic;
				DEVELOPMENT_TEAM = CN4447STLT;
				INFOPLIST_FILE = MyMemory/Info.plist;
				LD_RUNPATH_SEARCH_PATHS = (
					"$(inherited)",
					"@executable_path/Frameworks",
				);
				PRODUCT_BUNDLE_IDENTIFIER = com.cyb.MyMemory;
				PRODUCT_MODULE_NAME = MyMemo;
				PRODUCT_NAME = "$(TARGET_NAME)";
				SWIFT_VERSION = 4.2;
				TARGETED_DEVICE_FAMILY = "1,2";
			};
			name = Release;
		};
/* End XCBuildConfiguration section */

/* Begin XCConfigurationList section */
		CEEA65042171A55C00F7B05C /* Build configuration list for PBXProject "MyMemory" */ = {
			isa = XCConfigurationList;
			buildConfigurations = (
				CEEA651C2171A55E00F7B05C /* Debug */,
				CEEA651D2171A55E00F7B05C /* Release */,
			);
			defaultConfigurationIsVisible = 0;
			defaultConfigurationName = Release;
		};
		CEEA651E2171A55E00F7B05C /* Build configuration list for PBXNativeTarget "MyMemory" */ = {
			isa = XCConfigurationList;
			buildConfigurations = (
				CEEA651F2171A55E00F7B05C /* Debug */,
				CEEA65202171A55E00F7B05C /* Release */,
			);
			defaultConfigurationIsVisible = 0;
			defaultConfigurationName = Release;
		};
/* End XCConfigurationList section */

/* Begin XCVersionGroup section */
		CEEA65132171A55C00F7B05C /* MyMemory.xcdatamodeld */ = {
			isa = XCVersionGroup;
			children = (
				CEEA65142171A55C00F7B05C /* MyMemory.xcdatamodel */,
			);
			currentVersion = CEEA65142171A55C00F7B05C /* MyMemory.xcdatamodel */;
			path = MyMemory.xcdatamodeld;
			sourceTree = "<group>";
			versionGroupType = wrapper.xcdatamodel;
		};
/* End XCVersionGroup section */
	};
	rootObject = CEEA65012171A55C00F7B05C /* Project object */;
}
